{
  "lockfileVersion": 1,
  "workspaces": {
    "": {
      "name": "dotfiles2",
      "dependencies": {
        "@types/command-exists-promise": "^2.0.0",
        "command-exists-promise": "^2.0.2",
        "consola": "^3.4.2",
        "dax-sh": "^0.43.0",
        "zod": "^3.24.3",
        "zod-validation-error": "^3.4.0",
      },
      "devDependencies": {
        "@tsconfig/bun": "^1.0.7",
        "@tsconfig/strictest": "^2.0.5",
        "@types/bun": "latest",
      },
      "peerDependencies": {
        "typescript": "^5",
      },
    },
  },
  "packages": {
    "@deno/shim-deno": ["@deno/shim-deno@0.19.2", "", { "dependencies": { "@deno/shim-deno-test": "^0.5.0", "which": "^4.0.0" } }, "sha512-q3VTHl44ad8T2Tw2SpeAvghdGOjlnLPDNO2cpOxwMrBE/PVas6geWpbpIgrM+czOCH0yejp0yi8OaTuB+NU40Q=="],

    "@deno/shim-deno-test": ["@deno/shim-deno-test@0.5.0", "", {}, "sha512-4nMhecpGlPi0cSzT67L+Tm+GOJqvuk8gqHBziqcUQOarnuIax1z96/gJHCSIz2Z0zhxE6Rzwb3IZXPtFh51j+w=="],

    "@tsconfig/bun": ["@tsconfig/bun@1.0.7", "", {}, "sha512-udGrGJBNQdXGVulehc1aWT73wkR9wdaGBtB6yL70RJsqwW/yJhIg6ZbRlPOfIUiFNrnBuYLBi9CSmMKfDC7dvA=="],

    "@tsconfig/strictest": ["@tsconfig/strictest@2.0.5", "", {}, "sha512-ec4tjL2Rr0pkZ5hww65c+EEPYwxOi4Ryv+0MtjeaSQRJyq322Q27eOQiFbuNgw2hpL4hB1/W/HBGk3VKS43osg=="],

    "@types/bun": ["@types/bun@1.2.10", "", { "dependencies": { "bun-types": "1.2.10" } }, "sha512-eilv6WFM3M0c9ztJt7/g80BDusK98z/FrFwseZgT4bXCq2vPhXD4z8R3oddmAn+R/Nmz9vBn4kweJKmGTZj+lg=="],

    "@types/command-exists-promise": ["@types/command-exists-promise@2.0.0", "", {}, "sha512-/Dgvlo+jnWA0rh2O3gKVBh3pQjJmDpugbapX/y2mZVMWBHffI1SCj7YCJCuQH6fZqb6izZKt3dEVO26aBc2pxg=="],

    "@types/node": ["@types/node@22.14.1", "", { "dependencies": { "undici-types": "~6.21.0" } }, "sha512-u0HuPQwe/dHrItgHHpmw3N2fYCR6x4ivMNbPHRkBVP4CvN+kiRrKHWk3i8tXiO/joPwXLMYvF9TTF0eqgHIuOw=="],

    "bun-types": ["bun-types@1.2.10", "", { "dependencies": { "@types/node": "*" } }, "sha512-b5ITZMnVdf3m1gMvJHG+gIfeJHiQPJak0f7925Hxu6ZN5VKA8AGy4GZ4lM+Xkn6jtWxg5S3ldWvfmXdvnkp3GQ=="],

    "command-exists-promise": ["command-exists-promise@2.0.2", "", {}, "sha512-T6PB6vdFrwnHXg/I0kivM3DqaCGZLjjYSOe0a5WgFKcz1sOnmOeIjnhQPXVXX3QjVbLyTJ85lJkX6lUpukTzaA=="],

    "consola": ["consola@3.4.2", "", {}, "sha512-5IKcdX0nnYavi6G7TtOhwkYzyjfJlatbjMjuLSfE2kYT5pMDOilZ4OvMhi637CcDICTmz3wARPoyhqyX1Y+XvA=="],

    "dax-sh": ["dax-sh@0.43.0", "", { "dependencies": { "@deno/shim-deno": "~0.19.0", "undici-types": "^5.26" } }, "sha512-rH9zPtgeunTAQnJrh0Q/wZ+uEV5adPffGjJ13Yl/aV4Z3wAQCZqcNspQqa2i3WH+f1yMIBw6a132qpJwLImCDQ=="],

    "isexe": ["isexe@3.1.1", "", {}, "sha512-LpB/54B+/2J5hqQ7imZHfdU31OlgQqx7ZicVlkm9kzg9/w8GKLEcFfJl/t7DCEDueOyBAD6zCCwTO6Fzs0NoEQ=="],

    "typescript": ["typescript@5.8.3", "", { "bin": { "tsc": "bin/tsc", "tsserver": "bin/tsserver" } }, "sha512-p1diW6TqL9L07nNxvRMM7hMMw4c5XOo/1ibL4aAIGmSAt9slTE1Xgw5KWuof2uTOvCg9BY7ZRi+GaF+7sfgPeQ=="],

    "undici-types": ["undici-types@5.28.4", "", {}, "sha512-3OeMF5Lyowe8VW0skf5qaIE7Or3yS9LS7fvMUI0gg4YxpIBVg0L8BxCmROw2CcYhSkpR68Epz7CGc8MPj94Uww=="],

    "which": ["which@4.0.0", "", { "dependencies": { "isexe": "^3.1.1" }, "bin": { "node-which": "bin/which.js" } }, "sha512-GlaYyEb07DPxYCKhKzplCWBJtvxZcZMrL+4UkrTSJHHPyZU4mYYTv3qaOe77H7EODLSSopAUFAc6W8U4yqvscg=="],

    "zod": ["zod@3.24.3", "", {}, "sha512-HhY1oqzWCQWuUqvBFnsyrtZRhyPeR7SUGv+C4+MsisMuVfSPx8HpwWqH8tRahSlt6M3PiFAcoeFhZAqIXTxoSg=="],

    "zod-validation-error": ["zod-validation-error@3.4.0", "", { "peerDependencies": { "zod": "^3.18.0" } }, "sha512-ZOPR9SVY6Pb2qqO5XHt+MkkTRxGXb4EVtnjc9JpXUOtUB1T9Ru7mZOT361AN3MsetVe7R0a1KZshJDZdgp9miQ=="],

    "@types/node/undici-types": ["undici-types@6.21.0", "", {}, "sha512-iwDZqg0QAGrg9Rav5H4n0M64c3mkR59cJ6wQp+7C4nI0gsmExaedaYLNO44eT4AtBBwjbTiGPMlt2Md0T9H9JQ=="],
  }
}
